
Microsoft Visual Studio Solution File, Format Version 12.00
# Visual Studio Version 16
VisualStudioVersion = 16.0.31005.135
MinimumVisualStudioVersion = 10.0.40219.1
Project("{FAE04EC0-301F-11D3-BF4B-00C04F79EFBC}") = "MyShop.Core", "MyShop.Core\MyShop.Core.csproj", "{575DDB72-F668-4DD4-9E47-C7FB881C9BF1}"
EndProject
Project("{FAE04EC0-301F-11D3-BF4B-00C04F79EFBC}") = "MyShop.Services", "MyShop.Services\MyShop.Services.csproj", "{959A0DC5-2580-4141-8183-043816EA7D51}"
EndProject
Project("{FAE04EC0-301F-11D3-BF4B-00C04F79EFBC}") = "MyShop.DataAccess.SQL", "MyShop.DataAccess.SQL\MyShop.DataAccess.SQL.csproj", "{BE66CBC6-5D11-4DE3-B333-D7CD0F1B9A92}"
EndProject
Project("{FAE04EC0-301F-11D3-BF4B-00C04F79EFBC}") = "MyShop.DataAccess.InMemory", "MyShop.DataAccess.InMemory\MyShop.DataAccess.InMemory.csproj", "{430B2606-4CA4-42D2-BCB1-A97E2C69F08F}"
EndProject
Project("{FAE04EC0-301F-11D3-BF4B-00C04F79EFBC}") = "MyShop.WebUI", "MyShop.WebUI\MyShop.WebUI.csproj", "{08AB8A9A-A287-4181-B480-FBA837965ED7}"
EndProject
Project("{FAE04EC0-301F-11D3-BF4B-00C04F79EFBC}") = "MyShop.WebUI.Tests", "MyShop.WebUI.Tests\MyShop.WebUI.Tests.csproj", "{8AD753EA-954A-498A-9E25-B708440B9673}"
EndProject
Global
	GlobalSection(SolutionConfigurationPlatforms) = preSolution
		Debug|Any CPU = Debug|Any CPU
		Release|Any CPU = Release|Any CPU
	EndGlobalSection
	GlobalSection(ProjectConfigurationPlatforms) = postSolution
		{575DDB72-F668-4DD4-9E47-C7FB881C9BF1}.Debug|Any CPU.ActiveCfg = Debug|Any CPU
		{575DDB72-F668-4DD4-9E47-C7FB881C9BF1}.Debug|Any CPU.Build.0 = Debug|Any CPU
		{575DDB72-F668-4DD4-9E47-C7FB881C9BF1}.Release|Any CPU.ActiveCfg = Release|Any CPU
		{575DDB72-F668-4DD4-9E47-C7FB881C9BF1}.Release|Any CPU.Build.0 = Release|Any CPU
		{959A0DC5-2580-4141-8183-043816EA7D51}.Debug|Any CPU.ActiveCfg = Debug|Any CPU
		{959A0DC5-2580-4141-8183-043816EA7D51}.Debug|Any CPU.Build.0 = Debug|Any CPU
		{959A0DC5-2580-4141-8183-043816EA7D51}.Release|Any CPU.ActiveCfg = Release|Any CPU
		{959A0DC5-2580-4141-8183-043816EA7D51}.Release|Any CPU.Build.0 = Release|Any CPU
		{BE66CBC6-5D11-4DE3-B333-D7CD0F1B9A92}.Debug|Any CPU.ActiveCfg = Debug|Any CPU
		{BE66CBC6-5D11-4DE3-B333-D7CD0F1B9A92}.Debug|Any CPU.Build.0 = Debug|Any CPU
		{BE66CBC6-5D11-4DE3-B333-D7CD0F1B9A92}.Release|Any CPU.ActiveCfg = Release|Any CPU
		{BE66CBC6-5D11-4DE3-B333-D7CD0F1B9A92}.Release|Any CPU.Build.0 = Release|Any CPU
		{430B2606-4CA4-42D2-BCB1-A97E2C69F08F}.Debug|Any CPU.ActiveCfg = Debug|Any CPU
		{430B2606-4CA4-42D2-BCB1-A97E2C69F08F}.Debug|Any CPU.Build.0 = Debug|Any CPU
		{430B2606-4CA4-42D2-BCB1-A97E2C69F08F}.Release|Any CPU.ActiveCfg = Release|Any CPU
		{430B2606-4CA4-42D2-BCB1-A97E2C69F08F}.Release|Any CPU.Build.0 = Release|Any CPU
		{08AB8A9A-A287-4181-B480-FBA837965ED7}.Debug|Any CPU.ActiveCfg = Debug|Any CPU
		{08AB8A9A-A287-4181-B480-FBA837965ED7}.Debug|Any CPU.Build.0 = Debug|Any CPU
		{08AB8A9A-A287-4181-B480-FBA837965ED7}.Release|Any CPU.ActiveCfg = Release|Any CPU
		{08AB8A9A-A287-4181-B480-FBA837965ED7}.Release|Any CPU.Build.0 = Release|Any CPU
		{8AD753EA-954A-498A-9E25-B708440B9673}.Debug|Any CPU.ActiveCfg = Debug|Any CPU
		{8AD753EA-954A-498A-9E25-B708440B9673}.Debug|Any CPU.Build.0 = Debug|Any CPU
		{8AD753EA-954A-498A-9E25-B708440B9673}.Release|Any CPU.ActiveCfg = Release|Any CPU
		{8AD753EA-954A-498A-9E25-B708440B9673}.Release|Any CPU.Build.0 = Release|Any CPU
	EndGlobalSection
	GlobalSection(SolutionProperties) = preSolution
		HideSolutionNode = FALSE
	EndGlobalSection
	GlobalSection(ExtensibilityGlobals) = postSolution
		SolutionGuid = {A71E31A8-1C2A-42C9-BBC5-E016C2C4BD2B}
	EndGlobalSection
EndGlobal
